
Microsoft Visual Studio Solution File, Format Version 12.00
# Visual Studio Version 16
VisualStudioVersion = 16.0.30413.136
MinimumVisualStudioVersion = 10.0.40219.1
Project("{FAE04EC0-301F-11D3-BF4B-00C04F79EFBC}") = "DZ_Less6", "DZ_Less6\DZ_Less6.csproj", "{D19E3A4F-2135-4C76-9F35-970F10DD3A31}"
EndProject
Global
	GlobalSection(SolutionConfigurationPlatforms) = preSolution
		Debug|Any CPU = Debug|Any CPU
		Release|Any CPU = Release|Any CPU
	EndGlobalSection
	GlobalSection(ProjectConfigurationPlatforms) = postSolution
		{D19E3A4F-2135-4C76-9F35-970F10DD3A31}.Debug|Any CPU.ActiveCfg = Debug|Any CPU
		{D19E3A4F-2135-4C76-9F35-970F10DD3A31}.Debug|Any CPU.Build.0 = Debug|Any CPU
		{D19E3A4F-2135-4C76-9F35-970F10DD3A31}.Release|Any CPU.ActiveCfg = Release|Any CPU
		{D19E3A4F-2135-4C76-9F35-970F10DD3A31}.Release|Any CPU.Build.0 = Release|Any CPU
	EndGlobalSection
	GlobalSection(SolutionProperties) = preSolution
		HideSolutionNode = FALSE
	EndGlobalSection
	GlobalSection(ExtensibilityGlobals) = postSolution
		SolutionGuid = {6DEB8100-4C79-42BB-A2DD-A0D5D9CF3386}
	EndGlobalSection
EndGlobal
